// !$*UTF8*$!
{
	archiveVersion = 1;
	classes = {
	};
	objectVersion = 56;
	objects = {

/* Begin PBXBuildFile section */
		DD049BB52C5220C400EB8A5E /* nusZeroWasteV2App.swift in Sources */ = {isa = PBXBuildFile; fileRef = DD049BB42C5220C400EB8A5E /* nusZeroWasteV2App.swift */; };
		DD049BB72C5220C400EB8A5E /* ContentView.swift in Sources */ = {isa = PBXBuildFile; fileRef = DD049BB62C5220C400EB8A5E /* ContentView.swift */; };
		DD049BB92C5220C500EB8A5E /* Assets.xcassets in Resources */ = {isa = PBXBuildFile; fileRef = DD049BB82C5220C500EB8A5E /* Assets.xcassets */; };
		DD049BBD2C5220C500EB8A5E /* Preview Assets.xcassets in Resources */ = {isa = PBXBuildFile; fileRef = DD049BBC2C5220C500EB8A5E /* Preview Assets.xcassets */; };
		DD049BC72C5220C600EB8A5E /* nusZeroWasteV2Tests.swift in Sources */ = {isa = PBXBuildFile; fileRef = DD049BC62C5220C600EB8A5E /* nusZeroWasteV2Tests.swift */; };
		DD049BD12C5220C600EB8A5E /* nusZeroWasteV2UITests.swift in Sources */ = {isa = PBXBuildFile; fileRef = DD049BD02C5220C600EB8A5E /* nusZeroWasteV2UITests.swift */; };
		DD049BD32C5220C600EB8A5E /* nusZeroWasteV2UITestsLaunchTests.swift in Sources */ = {isa = PBXBuildFile; fileRef = DD049BD22C5220C600EB8A5E /* nusZeroWasteV2UITestsLaunchTests.swift */; };
		DD486B362C8896C60076E228 /* postCallToServer.swift in Sources */ = {isa = PBXBuildFile; fileRef = DD486B352C8896C60076E228 /* postCallToServer.swift */; };
		DDB0613F2C5227F80019DE94 /* CameraView.swift in Sources */ = {isa = PBXBuildFile; fileRef = DDB0613E2C5227F80019DE94 /* CameraView.swift */; };
		DDB061412C522A980019DE94 /* View+.swift in Sources */ = {isa = PBXBuildFile; fileRef = DDB061402C522A980019DE94 /* View+.swift */; };
		DDB061442C522C2A0019DE94 /* ControlButtonView.swift in Sources */ = {isa = PBXBuildFile; fileRef = DDB061432C522C2A0019DE94 /* ControlButtonView.swift */; };
		DDB061472C52308C0019DE94 /* CameraView+Buttons.swift in Sources */ = {isa = PBXBuildFile; fileRef = DDB061462C52308C0019DE94 /* CameraView+Buttons.swift */; };
		DDB061492C5230CE0019DE94 /* CameraView+HorizontalControlBar.swift in Sources */ = {isa = PBXBuildFile; fileRef = DDB061482C5230CE0019DE94 /* CameraView+HorizontalControlBar.swift */; };
		DDB0614B2C5236300019DE94 /* CamreView+VerticalControlBar.swift in Sources */ = {isa = PBXBuildFile; fileRef = DDB0614A2C5236300019DE94 /* CamreView+VerticalControlBar.swift */; };
		DDB0614D2C52378B0019DE94 /* CameraViewModel.swift in Sources */ = {isa = PBXBuildFile; fileRef = DDB0614C2C52378B0019DE94 /* CameraViewModel.swift */; };
		DDB061502C523AB40019DE94 /* CameraPreview.swift in Sources */ = {isa = PBXBuildFile; fileRef = DDB0614F2C523AB40019DE94 /* CameraPreview.swift */; };
		DDB061522C5243C60019DE94 /* UIDeviceOrientation+.swift in Sources */ = {isa = PBXBuildFile; fileRef = DDB061512C5243C60019DE94 /* UIDeviceOrientation+.swift */; };
		DDB061562C5259D70019DE94 /* DropdownMenuOption.swift in Sources */ = {isa = PBXBuildFile; fileRef = DDB061552C5259D70019DE94 /* DropdownMenuOption.swift */; };
		DDB061582C525CB00019DE94 /* DropdownMenu.swift in Sources */ = {isa = PBXBuildFile; fileRef = DDB061572C525CB00019DE94 /* DropdownMenu.swift */; };
		DDB0615A2C525EBE0019DE94 /* DropdownMenuList.swift in Sources */ = {isa = PBXBuildFile; fileRef = DDB061592C525EBE0019DE94 /* DropdownMenuList.swift */; };
		DDB0615C2C525F7B0019DE94 /* DropdownMenuListRow.swift in Sources */ = {isa = PBXBuildFile; fileRef = DDB0615B2C525F7A0019DE94 /* DropdownMenuListRow.swift */; };
/* End PBXBuildFile section */

/* Begin PBXContainerItemProxy section */
		DD049BC32C5220C600EB8A5E /* PBXContainerItemProxy */ = {
			isa = PBXContainerItemProxy;
			containerPortal = DD049BA92C5220C400EB8A5E /* Project object */;
			proxyType = 1;
			remoteGlobalIDString = DD049BB02C5220C400EB8A5E;
			remoteInfo = nusZeroWasteV2;
		};
		DD049BCD2C5220C600EB8A5E /* PBXContainerItemProxy */ = {
			isa = PBXContainerItemProxy;
			containerPortal = DD049BA92C5220C400EB8A5E /* Project object */;
			proxyType = 1;
			remoteGlobalIDString = DD049BB02C5220C400EB8A5E;
			remoteInfo = nusZeroWasteV2;
		};
/* End PBXContainerItemProxy section */

/* Begin PBXFileReference section */
		DD049BB12C5220C400EB8A5E /* nusZeroWasteV2.app */ = {isa = PBXFileReference; explicitFileType = wrapper.application; includeInIndex = 0; path = nusZeroWasteV2.app; sourceTree = BUILT_PRODUCTS_DIR; };
		DD049BB42C5220C400EB8A5E /* nusZeroWasteV2App.swift */ = {isa = PBXFileReference; lastKnownFileType = sourcecode.swift; path = nusZeroWasteV2App.swift; sourceTree = "<group>"; };
		DD049BB62C5220C400EB8A5E /* ContentView.swift */ = {isa = PBXFileReference; lastKnownFileType = sourcecode.swift; path = ContentView.swift; sourceTree = "<group>"; };
		DD049BB82C5220C500EB8A5E /* Assets.xcassets */ = {isa = PBXFileReference; lastKnownFileType = folder.assetcatalog; path = Assets.xcassets; sourceTree = "<group>"; };
		DD049BBA2C5220C500EB8A5E /* nusZeroWasteV2.entitlements */ = {isa = PBXFileReference; lastKnownFileType = text.plist.entitlements; path = nusZeroWasteV2.entitlements; sourceTree = "<group>"; };
		DD049BBC2C5220C500EB8A5E /* Preview Assets.xcassets */ = {isa = PBXFileReference; lastKnownFileType = folder.assetcatalog; path = "Preview Assets.xcassets"; sourceTree = "<group>"; };
		DD049BC22C5220C600EB8A5E /* nusZeroWasteV2Tests.xctest */ = {isa = PBXFileReference; explicitFileType = wrapper.cfbundle; includeInIndex = 0; path = nusZeroWasteV2Tests.xctest; sourceTree = BUILT_PRODUCTS_DIR; };
		DD049BC62C5220C600EB8A5E /* nusZeroWasteV2Tests.swift */ = {isa = PBXFileReference; lastKnownFileType = sourcecode.swift; path = nusZeroWasteV2Tests.swift; sourceTree = "<group>"; };
		DD049BCC2C5220C600EB8A5E /* nusZeroWasteV2UITests.xctest */ = {isa = PBXFileReference; explicitFileType = wrapper.cfbundle; includeInIndex = 0; path = nusZeroWasteV2UITests.xctest; sourceTree = BUILT_PRODUCTS_DIR; };
		DD049BD02C5220C600EB8A5E /* nusZeroWasteV2UITests.swift */ = {isa = PBXFileReference; lastKnownFileType = sourcecode.swift; path = nusZeroWasteV2UITests.swift; sourceTree = "<group>"; };
		DD049BD22C5220C600EB8A5E /* nusZeroWasteV2UITestsLaunchTests.swift */ = {isa = PBXFileReference; lastKnownFileType = sourcecode.swift; path = nusZeroWasteV2UITestsLaunchTests.swift; sourceTree = "<group>"; };
		DD486B352C8896C60076E228 /* postCallToServer.swift */ = {isa = PBXFileReference; lastKnownFileType = sourcecode.swift; path = postCallToServer.swift; sourceTree = "<group>"; };
		DDB0613E2C5227F80019DE94 /* CameraView.swift */ = {isa = PBXFileReference; lastKnownFileType = sourcecode.swift; path = CameraView.swift; sourceTree = "<group>"; };
		DDB061402C522A980019DE94 /* View+.swift */ = {isa = PBXFileReference; lastKnownFileType = sourcecode.swift; path = "View+.swift"; sourceTree = "<group>"; };
		DDB061432C522C2A0019DE94 /* ControlButtonView.swift */ = {isa = PBXFileReference; lastKnownFileType = sourcecode.swift; path = ControlButtonView.swift; sourceTree = "<group>"; };
		DDB061462C52308C0019DE94 /* CameraView+Buttons.swift */ = {isa = PBXFileReference; lastKnownFileType = sourcecode.swift; path = "CameraView+Buttons.swift"; sourceTree = "<group>"; };
		DDB061482C5230CE0019DE94 /* CameraView+HorizontalControlBar.swift */ = {isa = PBXFileReference; lastKnownFileType = sourcecode.swift; path = "CameraView+HorizontalControlBar.swift"; sourceTree = "<group>"; };
		DDB0614A2C5236300019DE94 /* CamreView+VerticalControlBar.swift */ = {isa = PBXFileReference; lastKnownFileType = sourcecode.swift; path = "CamreView+VerticalControlBar.swift"; sourceTree = "<group>"; };
		DDB0614C2C52378B0019DE94 /* CameraViewModel.swift */ = {isa = PBXFileReference; lastKnownFileType = sourcecode.swift; path = CameraViewModel.swift; sourceTree = "<group>"; };
		DDB0614F2C523AB40019DE94 /* CameraPreview.swift */ = {isa = PBXFileReference; lastKnownFileType = sourcecode.swift; path = CameraPreview.swift; sourceTree = "<group>"; };
		DDB061512C5243C60019DE94 /* UIDeviceOrientation+.swift */ = {isa = PBXFileReference; lastKnownFileType = sourcecode.swift; path = "UIDeviceOrientation+.swift"; sourceTree = "<group>"; };
		DDB061552C5259D70019DE94 /* DropdownMenuOption.swift */ = {isa = PBXFileReference; lastKnownFileType = sourcecode.swift; path = DropdownMenuOption.swift; sourceTree = "<group>"; };
		DDB061572C525CB00019DE94 /* DropdownMenu.swift */ = {isa = PBXFileReference; lastKnownFileType = sourcecode.swift; path = DropdownMenu.swift; sourceTree = "<group>"; };
		DDB061592C525EBE0019DE94 /* DropdownMenuList.swift */ = {isa = PBXFileReference; lastKnownFileType = sourcecode.swift; path = DropdownMenuList.swift; sourceTree = "<group>"; };
		DDB0615B2C525F7A0019DE94 /* DropdownMenuListRow.swift */ = {isa = PBXFileReference; lastKnownFileType = sourcecode.swift; path = DropdownMenuListRow.swift; sourceTree = "<group>"; };
/* End PBXFileReference section */

/* Begin PBXFrameworksBuildPhase section */
		DD049BAE2C5220C400EB8A5E /* Frameworks */ = {
			isa = PBXFrameworksBuildPhase;
			buildActionMask = 2147483647;
			files = (
			);
			runOnlyForDeploymentPostprocessing = 0;
		};
		DD049BBF2C5220C600EB8A5E /* Frameworks */ = {
			isa = PBXFrameworksBuildPhase;
			buildActionMask = 2147483647;
			files = (
			);
			runOnlyForDeploymentPostprocessing = 0;
		};
		DD049BC92C5220C600EB8A5E /* Frameworks */ = {
			isa = PBXFrameworksBuildPhase;
			buildActionMask = 2147483647;
			files = (
			);
			runOnlyForDeploymentPostprocessing = 0;
		};
/* End PBXFrameworksBuildPhase section */

/* Begin PBXGroup section */
		DD049BA82C5220C400EB8A5E = {
			isa = PBXGroup;
			children = (
				DD049BB32C5220C400EB8A5E /* nusZeroWasteV2 */,
				DD049BC52C5220C600EB8A5E /* nusZeroWasteV2Tests */,
				DD049BCF2C5220C600EB8A5E /* nusZeroWasteV2UITests */,
				DD049BB22C5220C400EB8A5E /* Products */,
			);
			sourceTree = "<group>";
		};
		DD049BB22C5220C400EB8A5E /* Products */ = {
			isa = PBXGroup;
			children = (
				DD049BB12C5220C400EB8A5E /* nusZeroWasteV2.app */,
				DD049BC22C5220C600EB8A5E /* nusZeroWasteV2Tests.xctest */,
				DD049BCC2C5220C600EB8A5E /* nusZeroWasteV2UITests.xctest */,
			);
			name = Products;
			sourceTree = "<group>";
		};
		DD049BB32C5220C400EB8A5E /* nusZeroWasteV2 */ = {
			isa = PBXGroup;
			children = (
				DD486B342C8896910076E228 /* backend */,
				DDB0613D2C5227D40019DE94 /* frontend */,
				DD049BB42C5220C400EB8A5E /* nusZeroWasteV2App.swift */,
				DD049BB62C5220C400EB8A5E /* ContentView.swift */,
				DDB061572C525CB00019DE94 /* DropdownMenu.swift */,
				DDB061592C525EBE0019DE94 /* DropdownMenuList.swift */,
				DDB0615B2C525F7A0019DE94 /* DropdownMenuListRow.swift */,
				DD049BB82C5220C500EB8A5E /* Assets.xcassets */,
				DD049BBA2C5220C500EB8A5E /* nusZeroWasteV2.entitlements */,
				DD049BBB2C5220C500EB8A5E /* Preview Content */,
			);
			path = nusZeroWasteV2;
			sourceTree = "<group>";
		};
		DD049BBB2C5220C500EB8A5E /* Preview Content */ = {
			isa = PBXGroup;
			children = (
				DD049BBC2C5220C500EB8A5E /* Preview Assets.xcassets */,
			);
			path = "Preview Content";
			sourceTree = "<group>";
		};
		DD049BC52C5220C600EB8A5E /* nusZeroWasteV2Tests */ = {
			isa = PBXGroup;
			children = (
				DD049BC62C5220C600EB8A5E /* nusZeroWasteV2Tests.swift */,
			);
			path = nusZeroWasteV2Tests;
			sourceTree = "<group>";
		};
		DD049BCF2C5220C600EB8A5E /* nusZeroWasteV2UITests */ = {
			isa = PBXGroup;
			children = (
				DD049BD02C5220C600EB8A5E /* nusZeroWasteV2UITests.swift */,
				DD049BD22C5220C600EB8A5E /* nusZeroWasteV2UITestsLaunchTests.swift */,
			);
			path = nusZeroWasteV2UITests;
			sourceTree = "<group>";
		};
		DD486B342C8896910076E228 /* backend */ = {
			isa = PBXGroup;
			children = (
				DD486B352C8896C60076E228 /* postCallToServer.swift */,
			);
			path = backend;
			sourceTree = "<group>";
		};
		DDB0613D2C5227D40019DE94 /* frontend */ = {
			isa = PBXGroup;
			children = (
				DDB0614E2C5237990019DE94 /* ViewModels */,
				DDB061452C52305E0019DE94 /* Views */,
				DDB061422C522ACB0019DE94 /* Extensions */,
				DDB061432C522C2A0019DE94 /* ControlButtonView.swift */,
			);
			path = frontend;
			sourceTree = "<group>";
		};
		DDB061422C522ACB0019DE94 /* Extensions */ = {
			isa = PBXGroup;
			children = (
				DDB061402C522A980019DE94 /* View+.swift */,
				DDB061512C5243C60019DE94 /* UIDeviceOrientation+.swift */,
				DDB061552C5259D70019DE94 /* DropdownMenuOption.swift */,
			);
			path = Extensions;
			sourceTree = "<group>";
		};
		DDB061452C52305E0019DE94 /* Views */ = {
			isa = PBXGroup;
			children = (
				DDB0613E2C5227F80019DE94 /* CameraView.swift */,
				DDB0614F2C523AB40019DE94 /* CameraPreview.swift */,
				DDB061462C52308C0019DE94 /* CameraView+Buttons.swift */,
				DDB061482C5230CE0019DE94 /* CameraView+HorizontalControlBar.swift */,
				DDB0614A2C5236300019DE94 /* CamreView+VerticalControlBar.swift */,
			);
			path = Views;
			sourceTree = "<group>";
		};
		DDB0614E2C5237990019DE94 /* ViewModels */ = {
			isa = PBXGroup;
			children = (
				DDB0614C2C52378B0019DE94 /* CameraViewModel.swift */,
			);
			path = ViewModels;
			sourceTree = "<group>";
		};
/* End PBXGroup section */

/* Begin PBXNativeTarget section */
		DD049BB02C5220C400EB8A5E /* nusZeroWasteV2 */ = {
			isa = PBXNativeTarget;
			buildConfigurationList = DD049BD62C5220C600EB8A5E /* Build configuration list for PBXNativeTarget "nusZeroWasteV2" */;
			buildPhases = (
				DD049BAD2C5220C400EB8A5E /* Sources */,
				DD049BAE2C5220C400EB8A5E /* Frameworks */,
				DD049BAF2C5220C400EB8A5E /* Resources */,
			);
			buildRules = (
			);
			dependencies = (
			);
			name = nusZeroWasteV2;
			productName = nusZeroWasteV2;
			productReference = DD049BB12C5220C400EB8A5E /* nusZeroWasteV2.app */;
			productType = "com.apple.product-type.application";
		};
		DD049BC12C5220C600EB8A5E /* nusZeroWasteV2Tests */ = {
			isa = PBXNativeTarget;
			buildConfigurationList = DD049BD92C5220C600EB8A5E /* Build configuration list for PBXNativeTarget "nusZeroWasteV2Tests" */;
			buildPhases = (
				DD049BBE2C5220C600EB8A5E /* Sources */,
				DD049BBF2C5220C600EB8A5E /* Frameworks */,
				DD049BC02C5220C600EB8A5E /* Resources */,
			);
			buildRules = (
			);
			dependencies = (
				DD049BC42C5220C600EB8A5E /* PBXTargetDependency */,
			);
			name = nusZeroWasteV2Tests;
			productName = nusZeroWasteV2Tests;
			productReference = DD049BC22C5220C600EB8A5E /* nusZeroWasteV2Tests.xctest */;
			productType = "com.apple.product-type.bundle.unit-test";
		};
		DD049BCB2C5220C600EB8A5E /* nusZeroWasteV2UITests */ = {
			isa = PBXNativeTarget;
			buildConfigurationList = DD049BDC2C5220C600EB8A5E /* Build configuration list for PBXNativeTarget "nusZeroWasteV2UITests" */;
			buildPhases = (
				DD049BC82C5220C600EB8A5E /* Sources */,
				DD049BC92C5220C600EB8A5E /* Frameworks */,
				DD049BCA2C5220C600EB8A5E /* Resources */,
			);
			buildRules = (
			);
			dependencies = (
				DD049BCE2C5220C600EB8A5E /* PBXTargetDependency */,
			);
			name = nusZeroWasteV2UITests;
			productName = nusZeroWasteV2UITests;
			productReference = DD049BCC2C5220C600EB8A5E /* nusZeroWasteV2UITests.xctest */;
			productType = "com.apple.product-type.bundle.ui-testing";
		};
/* End PBXNativeTarget section */

/* Begin PBXProject section */
		DD049BA92C5220C400EB8A5E /* Project object */ = {
			isa = PBXProject;
			attributes = {
				BuildIndependentTargetsInParallel = 1;
				LastSwiftUpdateCheck = 1540;
				LastUpgradeCheck = 1540;
				TargetAttributes = {
					DD049BB02C5220C400EB8A5E = {
						CreatedOnToolsVersion = 15.4;
					};
					DD049BC12C5220C600EB8A5E = {
						CreatedOnToolsVersion = 15.4;
						TestTargetID = DD049BB02C5220C400EB8A5E;
					};
					DD049BCB2C5220C600EB8A5E = {
						CreatedOnToolsVersion = 15.4;
						TestTargetID = DD049BB02C5220C400EB8A5E;
					};
				};
			};
			buildConfigurationList = DD049BAC2C5220C400EB8A5E /* Build configuration list for PBXProject "nusZeroWasteV2" */;
			compatibilityVersion = "Xcode 14.0";
			developmentRegion = en;
			hasScannedForEncodings = 0;
			knownRegions = (
				en,
				Base,
			);
			mainGroup = DD049BA82C5220C400EB8A5E;
			productRefGroup = DD049BB22C5220C400EB8A5E /* Products */;
			projectDirPath = "";
			projectRoot = "";
			targets = (
				DD049BB02C5220C400EB8A5E /* nusZeroWasteV2 */,
				DD049BC12C5220C600EB8A5E /* nusZeroWasteV2Tests */,
				DD049BCB2C5220C600EB8A5E /* nusZeroWasteV2UITests */,
			);
		};
/* End PBXProject section */

/* Begin PBXResourcesBuildPhase section */
		DD049BAF2C5220C400EB8A5E /* Resources */ = {
			isa = PBXResourcesBuildPhase;
			buildActionMask = 2147483647;
			files = (
				DD049BBD2C5220C500EB8A5E /* Preview Assets.xcassets in Resources */,
				DD049BB92C5220C500EB8A5E /* Assets.xcassets in Resources */,
			);
			runOnlyForDeploymentPostprocessing = 0;
		};
		DD049BC02C5220C600EB8A5E /* Resources */ = {
			isa = PBXResourcesBuildPhase;
			buildActionMask = 2147483647;
			files = (
			);
			runOnlyForDeploymentPostprocessing = 0;
		};
		DD049BCA2C5220C600EB8A5E /* Resources */ = {
			isa = PBXResourcesBuildPhase;
			buildActionMask = 2147483647;
			files = (
			);
			runOnlyForDeploymentPostprocessing = 0;
		};
/* End PBXResourcesBuildPhase section */

/* Begin PBXSourcesBuildPhase section */
		DD049BAD2C5220C400EB8A5E /* Sources */ = {
			isa = PBXSourcesBuildPhase;
			buildActionMask = 2147483647;
			files = (
				DDB061412C522A980019DE94 /* View+.swift in Sources */,
				DDB061472C52308C0019DE94 /* CameraView+Buttons.swift in Sources */,
				DDB0613F2C5227F80019DE94 /* CameraView.swift in Sources */,
				DDB0615C2C525F7B0019DE94 /* DropdownMenuListRow.swift in Sources */,
				DD049BB72C5220C400EB8A5E /* ContentView.swift in Sources */,
				DD049BB52C5220C400EB8A5E /* nusZeroWasteV2App.swift in Sources */,
				DDB061502C523AB40019DE94 /* CameraPreview.swift in Sources */,
				DDB061562C5259D70019DE94 /* DropdownMenuOption.swift in Sources */,
				DDB061582C525CB00019DE94 /* DropdownMenu.swift in Sources */,
				DDB061522C5243C60019DE94 /* UIDeviceOrientation+.swift in Sources */,
				DDB0614D2C52378B0019DE94 /* CameraViewModel.swift in Sources */,
				DDB061492C5230CE0019DE94 /* CameraView+HorizontalControlBar.swift in Sources */,
				DDB0615A2C525EBE0019DE94 /* DropdownMenuList.swift in Sources */,
				DD486B362C8896C60076E228 /* postCallToServer.swift in Sources */,
				DDB061442C522C2A0019DE94 /* ControlButtonView.swift in Sources */,
				DDB0614B2C5236300019DE94 /* CamreView+VerticalControlBar.swift in Sources */,
			);
			runOnlyForDeploymentPostprocessing = 0;
		};
		DD049BBE2C5220C600EB8A5E /* Sources */ = {
			isa = PBXSourcesBuildPhase;
			buildActionMask = 2147483647;
			files = (
				DD049BC72C5220C600EB8A5E /* nusZeroWasteV2Tests.swift in Sources */,
			);
			runOnlyForDeploymentPostprocessing = 0;
		};
		DD049BC82C5220C600EB8A5E /* Sources */ = {
			isa = PBXSourcesBuildPhase;
			buildActionMask = 2147483647;
			files = (
				DD049BD32C5220C600EB8A5E /* nusZeroWasteV2UITestsLaunchTests.swift in Sources */,
				DD049BD12C5220C600EB8A5E /* nusZeroWasteV2UITests.swift in Sources */,
			);
			runOnlyForDeploymentPostprocessing = 0;
		};
/* End PBXSourcesBuildPhase section */

/* Begin PBXTargetDependency section */
		DD049BC42C5220C600EB8A5E /* PBXTargetDependency */ = {
			isa = PBXTargetDependency;
			target = DD049BB02C5220C400EB8A5E /* nusZeroWasteV2 */;
			targetProxy = DD049BC32C5220C600EB8A5E /* PBXContainerItemProxy */;
		};
		DD049BCE2C5220C600EB8A5E /* PBXTargetDependency */ = {
			isa = PBXTargetDependency;
			target = DD049BB02C5220C400EB8A5E /* nusZeroWasteV2 */;
			targetProxy = DD049BCD2C5220C600EB8A5E /* PBXContainerItemProxy */;
		};
/* End PBXTargetDependency section */

/* Begin XCBuildConfiguration section */
		DD049BD42C5220C600EB8A5E /* Debug */ = {
			isa = XCBuildConfiguration;
			buildSettings = {
				ALWAYS_SEARCH_USER_PATHS = NO;
				ASSETCATALOG_COMPILER_GENERATE_SWIFT_ASSET_SYMBOL_EXTENSIONS = YES;
				CLANG_ANALYZER_NONNULL = YES;
				CLANG_ANALYZER_NUMBER_OBJECT_CONVERSION = YES_AGGRESSIVE;
				CLANG_CXX_LANGUAGE_STANDARD = "gnu++20";
				CLANG_ENABLE_MODULES = YES;
				CLANG_ENABLE_OBJC_ARC = YES;
				CLANG_ENABLE_OBJC_WEAK = YES;
				CLANG_WARN_BLOCK_CAPTURE_AUTORELEASING = YES;
				CLANG_WARN_BOOL_CONVERSION = YES;
				CLANG_WARN_COMMA = YES;
				CLANG_WARN_CONSTANT_CONVERSION = YES;
				CLANG_WARN_DEPRECATED_OBJC_IMPLEMENTATIONS = YES;
				CLANG_WARN_DIRECT_OBJC_ISA_USAGE = YES_ERROR;
				CLANG_WARN_DOCUMENTATION_COMMENTS = YES;
				CLANG_WARN_EMPTY_BODY = YES;
				CLANG_WARN_ENUM_CONVERSION = YES;
				CLANG_WARN_INFINITE_RECURSION = YES;
				CLANG_WARN_INT_CONVERSION = YES;
				CLANG_WARN_NON_LITERAL_NULL_CONVERSION = YES;
				CLANG_WARN_OBJC_IMPLICIT_RETAIN_SELF = YES;
				CLANG_WARN_OBJC_LITERAL_CONVERSION = YES;
				CLANG_WARN_OBJC_ROOT_CLASS = YES_ERROR;
				CLANG_WARN_QUOTED_INCLUDE_IN_FRAMEWORK_HEADER = YES;
				CLANG_WARN_RANGE_LOOP_ANALYSIS = YES;
				CLANG_WARN_STRICT_PROTOTYPES = YES;
				CLANG_WARN_SUSPICIOUS_MOVE = YES;
				CLANG_WARN_UNGUARDED_AVAILABILITY = YES_AGGRESSIVE;
				CLANG_WARN_UNREACHABLE_CODE = YES;
				CLANG_WARN__DUPLICATE_METHOD_MATCH = YES;
				COPY_PHASE_STRIP = NO;
				DEBUG_INFORMATION_FORMAT = dwarf;
				ENABLE_STRICT_OBJC_MSGSEND = YES;
				ENABLE_TESTABILITY = YES;
				ENABLE_USER_SCRIPT_SANDBOXING = YES;
				GCC_C_LANGUAGE_STANDARD = gnu17;
				GCC_DYNAMIC_NO_PIC = NO;
				GCC_NO_COMMON_BLOCKS = YES;
				GCC_OPTIMIZATION_LEVEL = 0;
				GCC_PREPROCESSOR_DEFINITIONS = (
					"DEBUG=1",
					"$(inherited)",
				);
				GCC_WARN_64_TO_32_BIT_CONVERSION = YES;
				GCC_WARN_ABOUT_RETURN_TYPE = YES_ERROR;
				GCC_WARN_UNDECLARED_SELECTOR = YES;
				GCC_WARN_UNINITIALIZED_AUTOS = YES_AGGRESSIVE;
				GCC_WARN_UNUSED_FUNCTION = YES;
				GCC_WARN_UNUSED_VARIABLE = YES;
				LOCALIZATION_PREFERS_STRING_CATALOGS = YES;
				MTL_ENABLE_DEBUG_INFO = INCLUDE_SOURCE;
				MTL_FAST_MATH = YES;
				ONLY_ACTIVE_ARCH = YES;
				SWIFT_ACTIVE_COMPILATION_CONDITIONS = "DEBUG $(inherited)";
				SWIFT_OPTIMIZATION_LEVEL = "-Onone";
			};
			name = Debug;
		};
		DD049BD52C5220C600EB8A5E /* Release */ = {
			isa = XCBuildConfiguration;
			buildSettings = {
				ALWAYS_SEARCH_USER_PATHS = NO;
				ASSETCATALOG_COMPILER_GENERATE_SWIFT_ASSET_SYMBOL_EXTENSIONS = YES;
				CLANG_ANALYZER_NONNULL = YES;
				CLANG_ANALYZER_NUMBER_OBJECT_CONVERSION = YES_AGGRESSIVE;
				CLANG_CXX_LANGUAGE_STANDARD = "gnu++20";
				CLANG_ENABLE_MODULES = YES;
				CLANG_ENABLE_OBJC_ARC = YES;
				CLANG_ENABLE_OBJC_WEAK = YES;
				CLANG_WARN_BLOCK_CAPTURE_AUTORELEASING = YES;
				CLANG_WARN_BOOL_CONVERSION = YES;
				CLANG_WARN_COMMA = YES;
				CLANG_WARN_CONSTANT_CONVERSION = YES;
				CLANG_WARN_DEPRECATED_OBJC_IMPLEMENTATIONS = YES;
				CLANG_WARN_DIRECT_OBJC_ISA_USAGE = YES_ERROR;
				CLANG_WARN_DOCUMENTATION_COMMENTS = YES;
				CLANG_WARN_EMPTY_BODY = YES;
				CLANG_WARN_ENUM_CONVERSION = YES;
				CLANG_WARN_INFINITE_RECURSION = YES;
				CLANG_WARN_INT_CONVERSION = YES;
				CLANG_WARN_NON_LITERAL_NULL_CONVERSION = YES;
				CLANG_WARN_OBJC_IMPLICIT_RETAIN_SELF = YES;
				CLANG_WARN_OBJC_LITERAL_CONVERSION = YES;
				CLANG_WARN_OBJC_ROOT_CLASS = YES_ERROR;
				CLANG_WARN_QUOTED_INCLUDE_IN_FRAMEWORK_HEADER = YES;
				CLANG_WARN_RANGE_LOOP_ANALYSIS = YES;
				CLANG_WARN_STRICT_PROTOTYPES = YES;
				CLANG_WARN_SUSPICIOUS_MOVE = YES;
				CLANG_WARN_UNGUARDED_AVAILABILITY = YES_AGGRESSIVE;
				CLANG_WARN_UNREACHABLE_CODE = YES;
				CLANG_WARN__DUPLICATE_METHOD_MATCH = YES;
				COPY_PHASE_STRIP = NO;
				DEBUG_INFORMATION_FORMAT = "dwarf-with-dsym";
				ENABLE_NS_ASSERTIONS = NO;
				ENABLE_STRICT_OBJC_MSGSEND = YES;
				ENABLE_USER_SCRIPT_SANDBOXING = YES;
				GCC_C_LANGUAGE_STANDARD = gnu17;
				GCC_NO_COMMON_BLOCKS = YES;
				GCC_WARN_64_TO_32_BIT_CONVERSION = YES;
				GCC_WARN_ABOUT_RETURN_TYPE = YES_ERROR;
				GCC_WARN_UNDECLARED_SELECTOR = YES;
				GCC_WARN_UNINITIALIZED_AUTOS = YES_AGGRESSIVE;
				GCC_WARN_UNUSED_FUNCTION = YES;
				GCC_WARN_UNUSED_VARIABLE = YES;
				LOCALIZATION_PREFERS_STRING_CATALOGS = YES;
				MTL_ENABLE_DEBUG_INFO = NO;
				MTL_FAST_MATH = YES;
				SWIFT_COMPILATION_MODE = wholemodule;
			};
			name = Release;
		};
		DD049BD72C5220C600EB8A5E /* Debug */ = {
			isa = XCBuildConfiguration;
			buildSettings = {
				ASSETCATALOG_COMPILER_APPICON_NAME = AppIcon;
				ASSETCATALOG_COMPILER_GLOBAL_ACCENT_COLOR_NAME = AccentColor;
				CODE_SIGN_ENTITLEMENTS = nusZeroWasteV2/nusZeroWasteV2.entitlements;
				CODE_SIGN_STYLE = Automatic;
				CURRENT_PROJECT_VERSION = 1;
				DEVELOPMENT_ASSET_PATHS = "\"nusZeroWasteV2/Preview Content\"";
				DEVELOPMENT_TEAM = C8MV6H725L;
				ENABLE_PREVIEWS = YES;
				GENERATE_INFOPLIST_FILE = YES;
				INFOPLIST_KEY_NSCameraUsageDescription = "This app needs access to the camera for the user to take a photo";
				"INFOPLIST_KEY_UIApplicationSceneManifest_Generation[sdk=iphoneos*]" = YES;
				"INFOPLIST_KEY_UIApplicationSceneManifest_Generation[sdk=iphonesimulator*]" = YES;
				"INFOPLIST_KEY_UIApplicationSupportsIndirectInputEvents[sdk=iphoneos*]" = YES;
				"INFOPLIST_KEY_UIApplicationSupportsIndirectInputEvents[sdk=iphonesimulator*]" = YES;
				"INFOPLIST_KEY_UILaunchScreen_Generation[sdk=iphoneos*]" = YES;
				"INFOPLIST_KEY_UILaunchScreen_Generation[sdk=iphonesimulator*]" = YES;
				"INFOPLIST_KEY_UIStatusBarStyle[sdk=iphoneos*]" = UIStatusBarStyleDefault;
				"INFOPLIST_KEY_UIStatusBarStyle[sdk=iphonesimulator*]" = UIStatusBarStyleDefault;
				INFOPLIST_KEY_UISupportedInterfaceOrientations_iPad = "UIInterfaceOrientationPortrait UIInterfaceOrientationPortraitUpsideDown UIInterfaceOrientationLandscapeLeft UIInterfaceOrientationLandscapeRight";
				INFOPLIST_KEY_UISupportedInterfaceOrientations_iPhone = "UIInterfaceOrientationPortrait UIInterfaceOrientationLandscapeLeft UIInterfaceOrientationLandscapeRight";
				IPHONEOS_DEPLOYMENT_TARGET = 17.5;
				LD_RUNPATH_SEARCH_PATHS = "@executable_path/Frameworks";
				"LD_RUNPATH_SEARCH_PATHS[sdk=macosx*]" = "@executable_path/../Frameworks";
				MACOSX_DEPLOYMENT_TARGET = 14.4;
				MARKETING_VERSION = 1.0;
				PRODUCT_BUNDLE_IDENTIFIER = NUSZeroWaste.nusZeroWasteV2;
				PRODUCT_NAME = "$(TARGET_NAME)";
				SDKROOT = auto;
				SUPPORTED_PLATFORMS = "iphoneos iphonesimulator macosx";
				SWIFT_EMIT_LOC_STRINGS = YES;
				SWIFT_VERSION = 5.0;
				TARGETED_DEVICE_FAMILY = "1,2";
			};
			name = Debug;
		};
		DD049BD82C5220C600EB8A5E /* Release */ = {
			isa = XCBuildConfiguration;
			buildSettings = {
				ASSETCATALOG_COMPILER_APPICON_NAME = AppIcon;
				ASSETCATALOG_COMPILER_GLOBAL_ACCENT_COLOR_NAME = AccentColor;
				CODE_SIGN_ENTITLEMENTS = nusZeroWasteV2/nusZeroWasteV2.entitlements;
				CODE_SIGN_STYLE = Automatic;
				CURRENT_PROJECT_VERSION = 1;
				DEVELOPMENT_ASSET_PATHS = "\"nusZeroWasteV2/Preview Content\"";
				DEVELOPMENT_TEAM = C8MV6H725L;
				ENABLE_PREVIEWS = YES;
				GENERATE_INFOPLIST_FILE = YES;
				INFOPLIST_KEY_NSCameraUsageDescription = "This app needs access to the camera for the user to take a photo";
				"INFOPLIST_KEY_UIApplicationSceneManifest_Generation[sdk=iphoneos*]" = YES;
				"INFOPLIST_KEY_UIApplicationSceneManifest_Generation[sdk=iphonesimulator*]" = YES;
				"INFOPLIST_KEY_UIApplicationSupportsIndirectInputEvents[sdk=iphoneos*]" = YES;
				"INFOPLIST_KEY_UIApplicationSupportsIndirectInputEvents[sdk=iphonesimulator*]" = YES;
				"INFOPLIST_KEY_UILaunchScreen_Generation[sdk=iphoneos*]" = YES;
				"INFOPLIST_KEY_UILaunchScreen_Generation[sdk=iphonesimulator*]" = YES;
				"INFOPLIST_KEY_UIStatusBarStyle[sdk=iphoneos*]" = UIStatusBarStyleDefault;
				"INFOPLIST_KEY_UIStatusBarStyle[sdk=iphonesimulator*]" = UIStatusBarStyleDefault;
				INFOPLIST_KEY_UISupportedInterfaceOrientations_iPad = "UIInterfaceOrientationPortrait UIInterfaceOrientationPortraitUpsideDown UIInterfaceOrientationLandscapeLeft UIInterfaceOrientationLandscapeRight";
				INFOPLIST_KEY_UISupportedInterfaceOrientations_iPhone = "UIInterfaceOrientationPortrait UIInterfaceOrientationLandscapeLeft UIInterfaceOrientationLandscapeRight";
				IPHONEOS_DEPLOYMENT_TARGET = 17.5;
				LD_RUNPATH_SEARCH_PATHS = "@executable_path/Frameworks";
				"LD_RUNPATH_SEARCH_PATHS[sdk=macosx*]" = "@executable_path/../Frameworks";
				MACOSX_DEPLOYMENT_TARGET = 14.4;
				MARKETING_VERSION = 1.0;
				PRODUCT_BUNDLE_IDENTIFIER = NUSZeroWaste.nusZeroWasteV2;
				PRODUCT_NAME = "$(TARGET_NAME)";
				SDKROOT = auto;
				SUPPORTED_PLATFORMS = "iphoneos iphonesimulator macosx";
				SWIFT_EMIT_LOC_STRINGS = YES;
				SWIFT_VERSION = 5.0;
				TARGETED_DEVICE_FAMILY = "1,2";
			};
			name = Release;
		};
		DD049BDA2C5220C600EB8A5E /* Debug */ = {
			isa = XCBuildConfiguration;
			buildSettings = {
				ALWAYS_EMBED_SWIFT_STANDARD_LIBRARIES = YES;
				BUNDLE_LOADER = "$(TEST_HOST)";
				CODE_SIGN_STYLE = Automatic;
				CURRENT_PROJECT_VERSION = 1;
				DEVELOPMENT_TEAM = C8MV6H725L;
				GENERATE_INFOPLIST_FILE = YES;
				IPHONEOS_DEPLOYMENT_TARGET = 17.5;
				MACOSX_DEPLOYMENT_TARGET = 14.4;
				MARKETING_VERSION = 1.0;
				PRODUCT_BUNDLE_IDENTIFIER = NUSZeroWaste.nusZeroWasteV2Tests;
				PRODUCT_NAME = "$(TARGET_NAME)";
				SDKROOT = auto;
				SUPPORTED_PLATFORMS = "iphoneos iphonesimulator macosx";
				SWIFT_EMIT_LOC_STRINGS = NO;
				SWIFT_VERSION = 5.0;
				TARGETED_DEVICE_FAMILY = "1,2";
				TEST_HOST = "$(BUILT_PRODUCTS_DIR)/nusZeroWasteV2.app/$(BUNDLE_EXECUTABLE_FOLDER_PATH)/nusZeroWasteV2";
			};
			name = Debug;
		};
		DD049BDB2C5220C600EB8A5E /* Release */ = {
			isa = XCBuildConfiguration;
			buildSettings = {
				ALWAYS_EMBED_SWIFT_STANDARD_LIBRARIES = YES;
				BUNDLE_LOADER = "$(TEST_HOST)";
				CODE_SIGN_STYLE = Automatic;
				CURRENT_PROJECT_VERSION = 1;
				DEVELOPMENT_TEAM = C8MV6H725L;
				GENERATE_INFOPLIST_FILE = YES;
				IPHONEOS_DEPLOYMENT_TARGET = 17.5;
				MACOSX_DEPLOYMENT_TARGET = 14.4;
				MARKETING_VERSION = 1.0;
				PRODUCT_BUNDLE_IDENTIFIER = NUSZeroWaste.nusZeroWasteV2Tests;
				PRODUCT_NAME = "$(TARGET_NAME)";
				SDKROOT = auto;
				SUPPORTED_PLATFORMS = "iphoneos iphonesimulator macosx";
				SWIFT_EMIT_LOC_STRINGS = NO;
				SWIFT_VERSION = 5.0;
				TARGETED_DEVICE_FAMILY = "1,2";
				TEST_HOST = "$(BUILT_PRODUCTS_DIR)/nusZeroWasteV2.app/$(BUNDLE_EXECUTABLE_FOLDER_PATH)/nusZeroWasteV2";
			};
			name = Release;
		};
		DD049BDD2C5220C600EB8A5E /* Debug */ = {
			isa = XCBuildConfiguration;
			buildSettings = {
				ALWAYS_EMBED_SWIFT_STANDARD_LIBRARIES = YES;
				CODE_SIGN_STYLE = Automatic;
				CURRENT_PROJECT_VERSION = 1;
				DEVELOPMENT_TEAM = C8MV6H725L;
				GENERATE_INFOPLIST_FILE = YES;
				IPHONEOS_DEPLOYMENT_TARGET = 17.5;
				MACOSX_DEPLOYMENT_TARGET = 14.4;
				MARKETING_VERSION = 1.0;
				PRODUCT_BUNDLE_IDENTIFIER = NUSZeroWaste.nusZeroWasteV2UITests;
				PRODUCT_NAME = "$(TARGET_NAME)";
				SDKROOT = auto;
				SUPPORTED_PLATFORMS = "iphoneos iphonesimulator macosx";
				SWIFT_EMIT_LOC_STRINGS = NO;
				SWIFT_VERSION = 5.0;
				TARGETED_DEVICE_FAMILY = "1,2";
				TEST_TARGET_NAME = nusZeroWasteV2;
			};
			name = Debug;
		};
		DD049BDE2C5220C600EB8A5E /* Release */ = {
			isa = XCBuildConfiguration;
			buildSettings = {
				ALWAYS_EMBED_SWIFT_STANDARD_LIBRARIES = YES;
				CODE_SIGN_STYLE = Automatic;
				CURRENT_PROJECT_VERSION = 1;
				DEVELOPMENT_TEAM = C8MV6H725L;
				GENERATE_INFOPLIST_FILE = YES;
				IPHONEOS_DEPLOYMENT_TARGET = 17.5;
				MACOSX_DEPLOYMENT_TARGET = 14.4;
				MARKETING_VERSION = 1.0;
				PRODUCT_BUNDLE_IDENTIFIER = NUSZeroWaste.nusZeroWasteV2UITests;
				PRODUCT_NAME = "$(TARGET_NAME)";
				SDKROOT = auto;
				SUPPORTED_PLATFORMS = "iphoneos iphonesimulator macosx";
				SWIFT_EMIT_LOC_STRINGS = NO;
				SWIFT_VERSION = 5.0;
				TARGETED_DEVICE_FAMILY = "1,2";
				TEST_TARGET_NAME = nusZeroWasteV2;
			};
			name = Release;
		};
/* End XCBuildConfiguration section */

/* Begin XCConfigurationList section */
		DD049BAC2C5220C400EB8A5E /* Build configuration list for PBXProject "nusZeroWasteV2" */ = {
			isa = XCConfigurationList;
			buildConfigurations = (
				DD049BD42C5220C600EB8A5E /* Debug */,
				DD049BD52C5220C600EB8A5E /* Release */,
			);
			defaultConfigurationIsVisible = 0;
			defaultConfigurationName = Release;
		};
		DD049BD62C5220C600EB8A5E /* Build configuration list for PBXNativeTarget "nusZeroWasteV2" */ = {
			isa = XCConfigurationList;
			buildConfigurations = (
				DD049BD72C5220C600EB8A5E /* Debug */,
				DD049BD82C5220C600EB8A5E /* Release */,
			);
			defaultConfigurationIsVisible = 0;
			defaultConfigurationName = Release;
		};
		DD049BD92C5220C600EB8A5E /* Build configuration list for PBXNativeTarget "nusZeroWasteV2Tests" */ = {
			isa = XCConfigurationList;
			buildConfigurations = (
				DD049BDA2C5220C600EB8A5E /* Debug */,
				DD049BDB2C5220C600EB8A5E /* Release */,
			);
			defaultConfigurationIsVisible = 0;
			defaultConfigurationName = Release;
		};
		DD049BDC2C5220C600EB8A5E /* Build configuration list for PBXNativeTarget "nusZeroWasteV2UITests" */ = {
			isa = XCConfigurationList;
			buildConfigurations = (
				DD049BDD2C5220C600EB8A5E /* Debug */,
				DD049BDE2C5220C600EB8A5E /* Release */,
			);
			defaultConfigurationIsVisible = 0;
			defaultConfigurationName = Release;
		};
/* End XCConfigurationList section */
	};
	rootObject = DD049BA92C5220C400EB8A5E /* Project object */;
}
